{
  "name": "@orenda/box-sdk",
  "version": "0.1.0",
  "lockfileVersion": 3,
  "requires": true,
  "packages": {
    "": {
      "name": "@orenda/box-sdk",
      "version": "0.1.0",
      "license": "MIT",
      "bin": {
        "orenda-box-sdk": "bin/orenda-box-sdk.js"
      },
      "engines": {
        "node": ">=20"
      }
    }
  }
}
